
Microsoft Visual Studio Solution File, Format Version 12.00
# Visual Studio Version 16
VisualStudioVersion = 16.0.31729.503
MinimumVisualStudioVersion = 10.0.40219.1
Project("{FAE04EC0-301F-11D3-BF4B-00C04F79EFBC}") = "AutoGeistModel", "AutoGeistModel.csproj", "{D2916505-3CEF-4415-BCB1-A2A060BCA9C2}"
EndProject
Global
	GlobalSection(SolutionConfigurationPlatforms) = preSolution
		Debug|Any CPU = Debug|Any CPU
		Release|Any CPU = Release|Any CPU
	EndGlobalSection
	GlobalSection(ProjectConfigurationPlatforms) = postSolution
		{D2916505-3CEF-4415-BCB1-A2A060BCA9C2}.Debug|Any CPU.ActiveCfg = Debug|Any CPU
		{D2916505-3CEF-4415-BCB1-A2A060BCA9C2}.Debug|Any CPU.Build.0 = Debug|Any CPU
		{D2916505-3CEF-4415-BCB1-A2A060BCA9C2}.Release|Any CPU.ActiveCfg = Release|Any CPU
		{D2916505-3CEF-4415-BCB1-A2A060BCA9C2}.Release|Any CPU.Build.0 = Release|Any CPU
	EndGlobalSection
	GlobalSection(SolutionProperties) = preSolution
		HideSolutionNode = FALSE
	EndGlobalSection
	GlobalSection(ExtensibilityGlobals) = postSolution
		SolutionGuid = {0C3F24D0-98B3-464D-9494-B9B00DBC163E}
	EndGlobalSection
EndGlobal
